
Microsoft Visual Studio Solution File, Format Version 12.00
# Visual Studio Version 17
VisualStudioVersion = 17.8.34330.188
MinimumVisualStudioVersion = 10.0.40219.1
Project("{FAE04EC0-301F-11D3-BF4B-00C04F79EFBC}") = "SGS", "SGS.csproj", "{A2890CDA-741C-4571-99AD-B79C5E2454EB}"
EndProject
Global
	GlobalSection(SolutionConfigurationPlatforms) = preSolution
		Debug|Any CPU = Debug|Any CPU
		Release|Any CPU = Release|Any CPU
	EndGlobalSection
	GlobalSection(ProjectConfigurationPlatforms) = postSolution
		{A2890CDA-741C-4571-99AD-B79C5E2454EB}.Debug|Any CPU.ActiveCfg = Debug|Any CPU
		{A2890CDA-741C-4571-99AD-B79C5E2454EB}.Debug|Any CPU.Build.0 = Debug|Any CPU
		{A2890CDA-741C-4571-99AD-B79C5E2454EB}.Release|Any CPU.ActiveCfg = Release|Any CPU
		{A2890CDA-741C-4571-99AD-B79C5E2454EB}.Release|Any CPU.Build.0 = Release|Any CPU
	EndGlobalSection
	GlobalSection(SolutionProperties) = preSolution
		HideSolutionNode = FALSE
	EndGlobalSection
	GlobalSection(ExtensibilityGlobals) = postSolution
		SolutionGuid = {8E4EACED-AEBE-4F66-802A-CE64181549CB}
	EndGlobalSection
EndGlobal
